github.com/at-wat/mqtt-go v0.18.1 h1:3CqjOv7L07W1+oqHOFgXuoxODkBOTvB+4BWWg0b5hiQ=
github.com/at-wat/mqtt-go v0.18.1/go.mod h1:exvsF5gIyo7mHbdZnzbfQwgrhgRWJQQz23YiVzU9qgk=
github.com/aws/aws-lambda-go v1.41.0 h1:l/5fyVb6Ud9uYd411xdHZzSf2n86TakxzpvIoz7l+3Y=
github.com/aws/aws-lambda-go v1.41.0/go.mod h1:jwFe2KmMsHmffA1X2R09hH6lFzJQxzI8qK17ewzbQMM=
github.com/aws/aws-sdk-go-v2 v1.21.2/go.mod h1:ErQhvNuEMhJjweavOYhxVkn2RUx7kQXVATHrjKtxIpM=
github.com/aws/aws-sdk-go-v2 v1.23.2 h1:UoTll1Y5b88x8h53OlsJGgOHwpggdMr7UVnLjMb3XYg=
github.com/aws/aws-sdk-go-v2 v1.23.2/go.mod h1:i1XDttT4rnf6vxc9AuskLc6s7XBee8rlLilKlc03uAA=
github.com/aws/aws-sdk-go-v2/aws/protocol/eventstream v1.5.1 h1:ZY3108YtBNq96jNZTICHxN1gSBSbnvIdYwwqnvCV4Mc=
github.com/aws/aws-sdk-go-v2/aws/protocol/eventstream v1.5.1/go.mod h1:t8PYl/6LzdAqsU4/9tz28V/kU+asFePvpOMkdul0gEQ=
github.com/aws/aws-sdk-go-v2/config v1.19.0/go.mod h1:ZwDUgFnQgsazQTnWfeLWk5GjeqTQTL8lMkoE1UXzxdE=
github.com/aws/aws-sdk-go-v2/config v1.25.8 h1:CHr7PIzyfevjNiqL9rU6xoqHZKCO2ldY6LmvRDfpRuI=
github.com/aws/aws-sdk-go-v2/config v1.25.8/go.mod h1:zefIy117FDPOVU0xSOFG8mx9kJunuVopzI639tjYXc0=
github.com/aws/aws-sdk-go-v2/credentials v1.13.43/go.mod h1:zWJBz1Yf1ZtX5NGax9ZdNjhhI4rgjfgsyk6vTY1yfVg=
github.com/aws/aws-sdk-go-v2/credentials v1.16.6 h1:TimIpn1p4v44i0sJMKsnpby1P9sP1ByKLsdm7bvOmwM=
github.com/aws/aws-sdk-go-v2/credentials v1.16.6/go.mod h1:+CLPlYf9FQLeXD8etOYiZxpLQqc3GL4EikxjkFFp1KA=
github.com/aws/aws-sdk-go-v2/feature/ec2/imds v1.13.13/go.mod h1:f/Ib/qYjhV2/qdsf79H3QP/eRE4AkVyEf6sk7XfZ1tg=
github.com/aws/aws-sdk-go-v2/feature/ec2/imds v1.14.6 h1:pPs23/JLSOlwnmSRNkdbt3upmBeF6QL/3MHEb6KzTyo=
github.com/aws/aws-sdk-go-v2/feature/ec2/imds v1.14.6/go.mod h1:jsoDHV44SxWv00wlbx0yA5M7n5rmE5rGk+OGA0suXSw=
github.com/aws/aws-sdk-go-v2/internal/configsources v1.1.43/go.mod h1:auo+PiyLl0n1l8A0e8RIeR8tOzYPfZZH/JNlrJ8igTQ=
github.com/aws/aws-sdk-go-v2/internal/configsources v1.2.5 h1:16Z1XuMUv63fcyW5bIUno6AFcX4drsrE0gof+xue6g4=
github.com/aws/aws-sdk-go-v2/internal/configsources v1.2.5/go.mod h1:pRvFacV2qbRKy34ZFptHZW4wpauJA445bqFbvA6ikSo=
github.com/aws/aws-sdk-go-v2/internal/endpoints/v2 v2.4.37/go.mod h1:Qe+2KtKml+FEsQF/DHmDV+xjtche/hwoF75EG4UlHW8=
github.com/aws/aws-sdk-go-v2/internal/endpoints/v2 v2.5.5 h1:RxpMuBgzP3Dj1n5CZY6droLFcsn5gc7QsrIcaGQoeCs=
github.com/aws/aws-sdk-go-v2/internal/endpoints/v2 v2.5.5/go.mod h1:dO8Js7ym4Jzg/wcjTgCRVln/jFn3nI82XNhsG2lWbDI=
github.com/aws/aws-sdk-go-v2/internal/ini v1.3.45/go.mod h1:lD5M20o09/LCuQ2mE62Mb/iSdSlCNuj6H5ci7tW7OsE=
github.com/aws/aws-sdk-go-v2/internal/ini v1.7.1 h1:uR9lXYjdPX0xY+NhvaJ4dD8rpSRz5VY81ccIIoNG+lw=
github.com/aws/aws-sdk-go-v2/internal/ini v1.7.1/go.mod h1:6fQQgfuGmw8Al/3M2IgIllycxV7ZW7WCdVSqfBeUiCY=
github.com/aws/aws-sdk-go-v2/internal/v4a v1.2.5 h1:CesTZ0o3+/7N7pDHyoEuS/zL0mD652uRsYCelV08ABU=
github.com/aws/aws-sdk-go-v2/internal/v4a v1.2.5/go.mod h1:Srr966fyoo72fJ/Hkz3ij6WQiZBX0RMO7w0jyzEwDyo=
github.com/aws/aws-sdk-go-v2/service/internal/accept-encoding v1.10.1 h1:rpkF4n0CyFcrJUG/rNNohoTmhtWlFTRI4BsZOh9PvLs=
github.com/aws/aws-sdk-go-v2/service/internal/accept-encoding v1.10.1/go.mod h1:l9ymW25HOqymeU2m1gbUQ3rUIsTwKs8gYHXkqDQUhiI=
github.com/aws/aws-sdk-go-v2/service/internal/checksum v1.2.5 h1:OK4q/3E4Kr1bWgcTqSaxmCE5x463TFtSQrF6mQTqMrw=
github.com/aws/aws-sdk-go-v2/service/internal/checksum v1.2.5/go.mod h1:T4RMdi6FqSEFaUMLe/YKTD+tj0l+Uz+mxfT7QxljEIA=
github.com/aws/aws-sdk-go-v2/service/internal/presigned-url v1.9.37/go.mod h1:vBmDnwWXWxNPFRMmG2m/3MKOe+xEcMDo1tanpaWCcck=
github.com/aws/aws-sdk-go-v2/service/internal/presigned-url v1.10.5 h1:F+XafeiK7Uf4YwTZfe/JLt+3cB6je9sI7l0TY4f2CkY=
github.com/aws/aws-sdk-go-v2/service/internal/presigned-url v1.10.5/go.mod h1:NlZuvlkyu6l/F3+qIBsGGtYLL2Z71tCf5NFoNAaG1NY=
github.com/aws/aws-sdk-go-v2/service/internal/s3shared v1.16.5 h1:ow5dalHqYM8IbzXFCL86gQY9UJUtZsLyBHUd6OKep9M=
github.com/aws/aws-sdk-go-v2/service/internal/s3shared v1.16.5/go.mod h1:AcvGHLN2pTXdx1oVFSzcclBvfY2VbBg0AfOE/XjA7oo=
github.com/aws/aws-sdk-go-v2/service/iot v1.45.3 h1:jyEJJzWGGYrZJPjPd9kYd2hEgGziyGTttqwFPwSz9GA=
github.com/aws/aws-sdk-go-v2/service/iot v1.45.3/go.mod h1:fUln+WEoXmL6tSf9jxZS5sgABmz7ihYin8BXeOtVXq8=
github.com/aws/aws-sdk-go-v2/service/iotsecuretunneling v1.17.2/go.mod h1:/cQlRjyr/S5e0WetJ1koNupn/9JW/uaxSW6A+zPQpAo=
github.com/aws/aws-sdk-go-v2/service/s3 v1.46.0 h1:RaXPp86CLxTKDwCwSTmTW7FvTfaLPXhN48mPtQ881bA=
github.com/aws/aws-sdk-go-v2/service/s3 v1.46.0/go.mod h1:x7gN1BRfTWXdPr/cFGM/iz+c87gRtJ+JMYinObt/0LI=
github.com/aws/aws-sdk-go-v2/service/sso v1.15.2/go.mod h1:gsL4keucRCgW+xA85ALBpRFfdSLH4kHOVSnLMSuBECo=
github.com/aws/aws-sdk-go-v2/service/sso v1.17.5 h1:kuK22ZsITfzaZEkxEl5H/lhy2k3G4clBtcQBI93RbIc=
github.com/aws/aws-sdk-go-v2/service/sso v1.17.5/go.mod h1:/tLqstwPfJLHYGBB5/c8P1ITI82pcGs7cJQuXku2pOg=
github.com/aws/aws-sdk-go-v2/service/ssooidc v1.17.3/go.mod h1:a7bHA82fyUXOm+ZSWKU6PIoBxrjSprdLoM8xPYvzYVg=
github.com/aws/aws-sdk-go-v2/service/ssooidc v1.20.3 h1:l5d5nrTFMhiUWNoLnV7QNI4m42/3WVSXqSyqVy+elGk=
github.com/aws/aws-sdk-go-v2/service/ssooidc v1.20.3/go.mod h1:30gKZp2pHQJq3yTmVy+hJKDFynSoYzVqYaxe4yPi+xI=
github.com/aws/aws-sdk-go-v2/service/sts v1.23.2/go.mod h1:Eows6e1uQEsc4ZaHANmsPRzAKcVDrcmjjWiih2+HUUQ=
github.com/aws/aws-sdk-go-v2/service/sts v1.25.6 h1:39dJNBt35p8dFSnQdoy+QbDaPenTxFqqDQFOb1GDYpE=
github.com/aws/aws-sdk-go-v2/service/sts v1.25.6/go.mod h1:6DKEi+8OnUrqEEh6OCam16AYQHWAOyNgRiUGnHoh7Cg=
github.com/aws/smithy-go v1.15.0/go.mod h1:Tg+OJXh4MB2R/uN61Ko2f6hTZwB/ZYGOtib8J3gBHzA=
github.com/aws/smithy-go v1.17.0 h1:wWJD7LX6PBV6etBUwO0zElG0nWN9rUhp0WdYeHSHAaI=
github.com/aws/smithy-go v1.17.0/go.mod h1:NukqUGpCZIILqqiV0NIjeFh24kd/FAa4beRb6nbIUPE=
github.com/davecgh/go-spew v1.1.0/go.mod h1:J7Y8YcW2NihsgmVo/mv3lAwl/skON4iLHjSsI+c5H38=
github.com/golang/protobuf v1.5.0/go.mod h1:FsONVRAS9T7sI+LIUmWTfcYkHO4aIWwzhcaSAoJOfIk=
github.com/google/go-cmp v0.5.5/go.mod h1:v8dTdLbMG2kIc/vJvl+f65V22dbkXbowE6jgT/gNBxE=
github.com/google/go-cmp v0.5.8/go.mod h1:17dUlkBOakJ0+DkrSSNjCkIjxS6bF9zb3elmeNGIjoY=
github.com/google/go-cmp v0.5.9 h1:O2Tfq5qg4qc4AmwVlvv0oLiVAGB7enBSJ2x2DqQFi38=
github.com/google/go-cmp v0.5.9/go.mod h1:17dUlkBOakJ0+DkrSSNjCkIjxS6bF9zb3elmeNGIjoY=
github.com/google/uuid v1.3.1/go.mod h1:TIyPZe4MgqvfeYDBFedMoGGpEw/LqOeaOT+nhxU+yHo=
github.com/google/uuid v1.4.0 h1:MtMxsa51/r9yyhkyLsVeVt0B+BGQZzpQiTQ4eHZ8bc4=
github.com/google/uuid v1.4.0/go.mod h1:TIyPZe4MgqvfeYDBFedMoGGpEw/LqOeaOT+nhxU+yHo=
github.com/jmespath/go-jmespath v0.4.0/go.mod h1:T8mJZnbsbmF+m6zOOFylbeCJqk5+pHWvzYPziyZiYoo=
github.com/jmespath/go-jmespath/internal/testify v1.5.1/go.mod h1:L3OGu8Wl2/fWfCI6z80xFu9LTZmf1ZRjMHUOPmWr69U=
github.com/pmezard/go-difflib v1.0.0/go.mod h1:iKH77koFhYxTK1pcRnkKkqfTogsbg7gZNVY4sRDYZ/4=
github.com/seqsense/aws-iot-device-sdk-go/v6 v6.1.7 h1:LWeb6rb56gVHUQGAu9HJYrZ7nRiavuxgPdECnR3+tw4=
github.com/seqsense/aws-iot-device-sdk-go/v6 v6.1.7/go.mod h1:b4oFep13/mecYm6rFdEhhW9zjGXRCp3TsvOaDuccias=
github.com/stretchr/objx v0.1.0/go.mod h1:HFkY916IF+rwdDfMAkV7OtwuqBVzrE8GR6GFx+wExME=
github.com/yuin/goldmark v1.4.13/go.mod h1:6yULJ656Px+3vBD8DxQVa3kxgyrAnzto9xy5taEt/CY=
golang.org/x/crypto v0.0.0-20190308221718-c2843e01d9a2/go.mod h1:djNgcEr1/C05ACkg1iLfiJU5Ep61QUkGW8qpdssI0+w=
golang.org/x/crypto v0.0.0-20210921155107-089bfa567519/go.mod h1:GvvjBRRGRdwPK5ydBHafDWAxML/pGHZbMvKqRZ5+Abc=
golang.org/x/crypto v0.14.0/go.mod h1:MVFd36DqK4CsrnJYDkBA3VC4m2GkXAM0PvzMCn4JQf4=
golang.org/x/exp v0.0.0-20231127185646-65229373498e h1:Gvh4YaCaXNs6dKTlfgismwWZKyjVZXwOPfIyUaqU3No=
golang.org/x/exp v0.0.0-20231127185646-65229373498e/go.mod h1:iRJReGqOEeBhDZGkGbynYwcHlctCvnjTYIamk7uXpHI=
golang.org/x/mod v0.6.0-dev.0.20220419223038-86c51ed26bb4/go.mod h1:jJ57K6gSWd91VN4djpZkiMVwK6gcyfeH4XE8wZrZaV4=
golang.org/x/mod v0.8.0/go.mod h1:iBbtSCu2XBx23ZKBPSOrRkjjQPZFPuis4dIYUhu/chs=
golang.org/x/net v0.0.0-20190620200207-3b0461eec859/go.mod h1:z5CRVTTTmAJ677TzLLGU+0bjPO0LkuOLi4/5GtJWs/s=
golang.org/x/net v0.0.0-20210226172049-e18ecbb05110/go.mod h1:m0MpNAwzfU5UDzcl9v0D8zg8gWTRqZa9RBIspLL5mdg=
golang.org/x/net v0.0.0-20220722155237-a158d28d115b/go.mod h1:XRhObCWvk6IyKnWLug+ECip1KBveYUHfp+8e9klMJ9c=
golang.org/x/net v0.6.0/go.mod h1:2Tu9+aMcznHK/AK1HMvgo6xiTLG5rD5rZLDS+rp2Bjs=
golang.org/x/net v0.9.0/go.mod h1:d48xBJpPfHeWQsugry2m+kC02ZBRGRgulfHnEXEuWns=
golang.org/x/net v0.10.0/go.mod h1:0qNGK6F8kojg2nk9dLZ2mShWaEBan6FAoqfSigmmuDg=
golang.org/x/net v0.17.0/go.mod h1:NxSsAGuq816PNPmqtQdLE42eU2Fs7NoRIZrHJAlaCOE=
golang.org/x/net v0.19.0 h1:zTwKpTd2XuCqf8huc7Fo2iSy+4RHPd10s4KzeTnVr1c=
golang.org/x/net v0.19.0/go.mod h1:CfAk/cbD4CthTvqiEl8NpboMuiuOYsAr/7NOjZJtv1U=
golang.org/x/sync v0.0.0-20190423024810-112230192c58/go.mod h1:RxMgew5VJxzue5/jJTE5uejpjVlOe/izrB70Jof72aM=
golang.org/x/sync v0.0.0-20220722155255-886fb9371eb4/go.mod h1:RxMgew5VJxzue5/jJTE5uejpjVlOe/izrB70Jof72aM=
golang.org/x/sync v0.1.0/go.mod h1:RxMgew5VJxzue5/jJTE5uejpjVlOe/izrB70Jof72aM=
golang.org/x/sys v0.0.0-20190215142949-d0b11bdaac8a/go.mod h1:STP8DvDyc/dI5b8T5hshtkjS+E42TnysNCUPdjciGhY=
golang.org/x/sys v0.0.0-20201119102817-f84b799fce68/go.mod h1:h1NjWce9XRLGQEsW7wpKNCjG9DtNlClVuFLEZdDNbEs=
golang.org/x/sys v0.0.0-20210615035016-665e8c7367d1/go.mod h1:oPkhp1MJrh7nUepCBck5+mAzfO9JrbApNNgaTdGDITg=
golang.org/x/sys v0.0.0-20220520151302-bc2c85ada10a/go.mod h1:oPkhp1MJrh7nUepCBck5+mAzfO9JrbApNNgaTdGDITg=
golang.org/x/sys v0.0.0-20220722155257-8c9f86f7a55f/go.mod h1:oPkhp1MJrh7nUepCBck5+mAzfO9JrbApNNgaTdGDITg=
golang.org/x/sys v0.5.0/go.mod h1:oPkhp1MJrh7nUepCBck5+mAzfO9JrbApNNgaTdGDITg=
golang.org/x/sys v0.7.0/go.mod h1:oPkhp1MJrh7nUepCBck5+mAzfO9JrbApNNgaTdGDITg=
golang.org/x/sys v0.8.0/go.mod h1:oPkhp1MJrh7nUepCBck5+mAzfO9JrbApNNgaTdGDITg=
golang.org/x/sys v0.13.0/go.mod h1:oPkhp1MJrh7nUepCBck5+mAzfO9JrbApNNgaTdGDITg=
golang.org/x/term v0.0.0-20201126162022-7de9c90e9dd1/go.mod h1:bj7SfCRtBDWHUb9snDiAeCFNEtKQo2Wmx5Cou7ajbmo=
golang.org/x/term v0.0.0-20210927222741-03fcf44c2211/go.mod h1:jbD1KX2456YbFQfuXm/mYQcufACuNUgVhRMnK/tPxf8=
golang.org/x/term v0.5.0/go.mod h1:jMB1sMXY+tzblOD4FWmEbocvup2/aLOaQEp7JmGp78k=
golang.org/x/term v0.7.0/go.mod h1:P32HKFT3hSsZrRxla30E9HqToFYAQPCMs/zFMBUFqPY=
golang.org/x/term v0.8.0/go.mod h1:xPskH00ivmX89bAKVGSKKtLOWNx2+17Eiy94tnKShWo=
golang.org/x/term v0.13.0/go.mod h1:LTmsnFJwVN6bCy1rVCoS+qHT1HhALEFxKncY3WNNh4U=
golang.org/x/text v0.3.0/go.mod h1:NqM8EUOU14njkJ3fqMW+pc6Ldnwhi/IjpwHt7yyuwOQ=
golang.org/x/text v0.3.3/go.mod h1:5Zoc/QRtKVWzQhOtBMvqHzDpF6irO9z98xDceosuGiQ=
golang.org/x/text v0.3.7/go.mod h1:u+2+/6zg+i71rQMx5EYifcz6MCKuco9NR6JIITiCfzQ=
golang.org/x/text v0.7.0/go.mod h1:mrYo+phRRbMaCq/xk9113O4dZlRixOauAjOtrjsXDZ8=
golang.org/x/text v0.9.0/go.mod h1:e1OnstbJyHTd6l/uOt8jFFHp6TRDWZR/bV3emEE/zU8=
golang.org/x/text v0.13.0/go.mod h1:TvPlkZtksWOMsz7fbANvkp4WM8x/WCo/om8BMLbz+aE=
golang.org/x/tools v0.0.0-20180917221912-90fa682c2a6e/go.mod h1:n7NCudcB/nEzxVGmLbDWY5pfWTLqBcC2KZ6jyYvM4mQ=
golang.org/x/tools v0.0.0-20191119224855-298f0cb1881e/go.mod h1:b+2E5dAYhXwXZwtnZ6UAqBI28+e2cm9otk0dWdXHAEo=
golang.org/x/tools v0.1.12/go.mod h1:hNGJHUnrk76NpqgfD5Aqm5Crs+Hm0VOH/i9J2+nxYbc=
golang.org/x/tools v0.6.0/go.mod h1:Xwgl3UAJ/d3gWutnCtw505GrjyAbvKui8lOU390QaIU=
golang.org/x/xerrors v0.0.0-20190717185122-a985d3407aa7/go.mod h1:I/5z698sn9Ka8TeJc9MKroUUfqBBauWjQqLJ2OPfmY0=
golang.org/x/xerrors v0.0.0-20191204190536-9bdfabe68543/go.mod h1:I/5z698sn9Ka8TeJc9MKroUUfqBBauWjQqLJ2OPfmY0=
google.golang.org/protobuf v1.26.0-rc.1/go.mod h1:jlhhOSvTdKEhbULTjvd4ARK9grFBp09yW+WbY/TyQbw=
google.golang.org/protobuf v1.31.0/go.mod h1:HV8QOd/L58Z+nl8r43ehVNZIU/HEI6OcFqwMG9pJV4I=
gopkg.in/check.v1 v0.0.0-20161208181325-20d25e280405/go.mod h1:Co6ibVJAznAaIkqp8huTwlJQCZ016jof/cbN4VW5Yz0=
gopkg.in/yaml.v2 v2.2.8/go.mod h1:hI93XBmqTisBFMUTm0b8Fm+jr3Dg1NNxqwp+5A1VGuI=
