{
  "name": "nodejs",
  "version": "1.0.0",
  "lockfileVersion": 3,
  "requires": true,
  "packages": {
    "": {
      "name": "nodejs",
      "version": "1.0.0",
      "license": "ISC",
      "dependencies": {
        "@serverless-live-lambda/node-bridge": "file:../../../../../packages/node-bridge"
      }
    },
    "../../../../../packages/node-bridge": {
      "name": "@serverless-live-lambda/node-bridge",
      "version": "0.1.0",
      "license": "MIT",
      "dependencies": {
        "aws-iot-device-sdk": "^2.2.13",
        "uuid": "^9.0.1"
      },
      "devDependencies": {
        "@aws-sdk/client-iot": "^3.454.0",
        "@types/aws-iot-device-sdk": "^2.2.8",
        "@types/aws-lambda": "^8.10.138",
        "@types/uuid": "^9.0.8",
        "esbuild": "^0.19.7",
        "eslint-plugin-simple-import-sort": "^10.0.0",
        "gts": "^5.2.0",
        "typescript": "~5.2.0"
      },
      "engines": {
        "node": ">=16"
      }
    },
    "node_modules/@serverless-live-lambda/node-bridge": {
      "resolved": "../../../../../packages/node-bridge",
      "link": true
    }
  }
}
